// !$*UTF8*$!
{
	archiveVersion = 1;
	classes = {
	};
	objectVersion = 56;
	objects = {

/* Begin PBXBuildFile section */
		26E5EA2A2A81FB0800CCDF90 /* AppDelegate.swift in Sources */ = {isa = PBXBuildFile; fileRef = 26E5EA292A81FB0800CCDF90 /* AppDelegate.swift */; };
		26E5EA2C2A81FB0800CCDF90 /* SceneDelegate.swift in Sources */ = {isa = PBXBuildFile; fileRef = 26E5EA2B2A81FB0800CCDF90 /* SceneDelegate.swift */; };
		26E5EA312A81FB0800CCDF90 /* Main.storyboard in Resources */ = {isa = PBXBuildFile; fileRef = 26E5EA2F2A81FB0800CCDF90 /* Main.storyboard */; };
		26E5EA332A81FB0A00CCDF90 /* Assets.xcassets in Resources */ = {isa = PBXBuildFile; fileRef = 26E5EA322A81FB0A00CCDF90 /* Assets.xcassets */; };
		26E5EA362A81FB0A00CCDF90 /* LaunchScreen.storyboard in Resources */ = {isa = PBXBuildFile; fileRef = 26E5EA342A81FB0A00CCDF90 /* LaunchScreen.storyboard */; };
		26E5EA3E2A81FF1B00CCDF90 /* PachinkoViewController.swift in Sources */ = {isa = PBXBuildFile; fileRef = 26E5EA3D2A81FF1B00CCDF90 /* PachinkoViewController.swift */; };
		26E5EA412A81FFCC00CCDF90 /* SwiftyJSON in Frameworks */ = {isa = PBXBuildFile; productRef = 26E5EA402A81FFCC00CCDF90 /* SwiftyJSON */; };
		26E5EA442A81FFD600CCDF90 /* Alamofire in Frameworks */ = {isa = PBXBuildFile; productRef = 26E5EA432A81FFD600CCDF90 /* Alamofire */; };
		26E5EA462A8210AB00CCDF90 /* BeerDetailViewController.swift in Sources */ = {isa = PBXBuildFile; fileRef = 26E5EA452A8210AB00CCDF90 /* BeerDetailViewController.swift */; };
		26E5EA492A8213C900CCDF90 /* Kingfisher in Frameworks */ = {isa = PBXBuildFile; productRef = 26E5EA482A8213C900CCDF90 /* Kingfisher */; };
		26E5EA4B2A821CA600CCDF90 /* Ext+UIView.swift in Sources */ = {isa = PBXBuildFile; fileRef = 26E5EA4A2A821CA600CCDF90 /* Ext+UIView.swift */; };
		26E5EA4D2A82216900CCDF90 /* GameViewController.swift in Sources */ = {isa = PBXBuildFile; fileRef = 26E5EA4C2A82216900CCDF90 /* GameViewController.swift */; };
		26E5EA512A8228A500CCDF90 /* Ext+ADLabel.swift in Sources */ = {isa = PBXBuildFile; fileRef = 26E5EA502A8228A500CCDF90 /* Ext+ADLabel.swift */; };
		26E5EA542A82396400CCDF90 /* BeerViewController.swift in Sources */ = {isa = PBXBuildFile; fileRef = 26E5EA532A82396400CCDF90 /* BeerViewController.swift */; };
		26E5EA592A823AE400CCDF90 /* CollectionViewCell.swift in Sources */ = {isa = PBXBuildFile; fileRef = 26E5EA572A823AE400CCDF90 /* CollectionViewCell.swift */; };
		26E5EA5A2A823AE400CCDF90 /* CollectionViewCell.xib in Resources */ = {isa = PBXBuildFile; fileRef = 26E5EA582A823AE400CCDF90 /* CollectionViewCell.xib */; };
		26E5EA5D2A823D4800CCDF90 /* TableViewCell.swift in Sources */ = {isa = PBXBuildFile; fileRef = 26E5EA5B2A823D4800CCDF90 /* TableViewCell.swift */; };
		26E5EA5E2A823D4800CCDF90 /* TableViewCell.xib in Resources */ = {isa = PBXBuildFile; fileRef = 26E5EA5C2A823D4800CCDF90 /* TableViewCell.xib */; };
		26E5EA602A823E9800CCDF90 /* Beer.swift in Sources */ = {isa = PBXBuildFile; fileRef = 26E5EA5F2A823E9800CCDF90 /* Beer.swift */; };
		26E5EA632A82512500CCDF90 /* eeCollectionViewCell.swift in Sources */ = {isa = PBXBuildFile; fileRef = 26E5EA612A82512500CCDF90 /* eeCollectionViewCell.swift */; };
		26E5EA642A82512500CCDF90 /* eeCollectionViewCell.xib in Resources */ = {isa = PBXBuildFile; fileRef = 26E5EA622A82512500CCDF90 /* eeCollectionViewCell.xib */; };
/* End PBXBuildFile section */

/* Begin PBXFileReference section */
		26E5EA262A81FB0800CCDF90 /* Netwoking_Project.app */ = {isa = PBXFileReference; explicitFileType = wrapper.application; includeInIndex = 0; path = Netwoking_Project.app; sourceTree = BUILT_PRODUCTS_DIR; };
		26E5EA292A81FB0800CCDF90 /* AppDelegate.swift */ = {isa = PBXFileReference; lastKnownFileType = sourcecode.swift; path = AppDelegate.swift; sourceTree = "<group>"; };
		26E5EA2B2A81FB0800CCDF90 /* SceneDelegate.swift */ = {isa = PBXFileReference; lastKnownFileType = sourcecode.swift; path = SceneDelegate.swift; sourceTree = "<group>"; };
		26E5EA302A81FB0800CCDF90 /* Base */ = {isa = PBXFileReference; lastKnownFileType = file.storyboard; name = Base; path = Base.lproj/Main.storyboard; sourceTree = "<group>"; };
		26E5EA322A81FB0A00CCDF90 /* Assets.xcassets */ = {isa = PBXFileReference; lastKnownFileType = folder.assetcatalog; path = Assets.xcassets; sourceTree = "<group>"; };
		26E5EA352A81FB0A00CCDF90 /* Base */ = {isa = PBXFileReference; lastKnownFileType = file.storyboard; name = Base; path = Base.lproj/LaunchScreen.storyboard; sourceTree = "<group>"; };
		26E5EA372A81FB0A00CCDF90 /* Info.plist */ = {isa = PBXFileReference; lastKnownFileType = text.plist.xml; path = Info.plist; sourceTree = "<group>"; };
		26E5EA3D2A81FF1B00CCDF90 /* PachinkoViewController.swift */ = {isa = PBXFileReference; lastKnownFileType = sourcecode.swift; path = PachinkoViewController.swift; sourceTree = "<group>"; };
		26E5EA452A8210AB00CCDF90 /* BeerDetailViewController.swift */ = {isa = PBXFileReference; lastKnownFileType = sourcecode.swift; path = BeerDetailViewController.swift; sourceTree = "<group>"; };
		26E5EA4A2A821CA600CCDF90 /* Ext+UIView.swift */ = {isa = PBXFileReference; lastKnownFileType = sourcecode.swift; path = "Ext+UIView.swift"; sourceTree = "<group>"; };
		26E5EA4C2A82216900CCDF90 /* GameViewController.swift */ = {isa = PBXFileReference; lastKnownFileType = sourcecode.swift; path = GameViewController.swift; sourceTree = "<group>"; };
		26E5EA502A8228A500CCDF90 /* Ext+ADLabel.swift */ = {isa = PBXFileReference; lastKnownFileType = sourcecode.swift; path = "Ext+ADLabel.swift"; sourceTree = "<group>"; };
		26E5EA532A82396400CCDF90 /* BeerViewController.swift */ = {isa = PBXFileReference; lastKnownFileType = sourcecode.swift; path = BeerViewController.swift; sourceTree = "<group>"; };
		26E5EA572A823AE400CCDF90 /* CollectionViewCell.swift */ = {isa = PBXFileReference; lastKnownFileType = sourcecode.swift; path = CollectionViewCell.swift; sourceTree = "<group>"; };
		26E5EA582A823AE400CCDF90 /* CollectionViewCell.xib */ = {isa = PBXFileReference; lastKnownFileType = file.xib; path = CollectionViewCell.xib; sourceTree = "<group>"; };
		26E5EA5B2A823D4800CCDF90 /* TableViewCell.swift */ = {isa = PBXFileReference; lastKnownFileType = sourcecode.swift; path = TableViewCell.swift; sourceTree = "<group>"; };
		26E5EA5C2A823D4800CCDF90 /* TableViewCell.xib */ = {isa = PBXFileReference; lastKnownFileType = file.xib; path = TableViewCell.xib; sourceTree = "<group>"; };
		26E5EA5F2A823E9800CCDF90 /* Beer.swift */ = {isa = PBXFileReference; lastKnownFileType = sourcecode.swift; path = Beer.swift; sourceTree = "<group>"; };
		26E5EA612A82512500CCDF90 /* eeCollectionViewCell.swift */ = {isa = PBXFileReference; lastKnownFileType = sourcecode.swift; path = eeCollectionViewCell.swift; sourceTree = "<group>"; };
		26E5EA622A82512500CCDF90 /* eeCollectionViewCell.xib */ = {isa = PBXFileReference; lastKnownFileType = file.xib; path = eeCollectionViewCell.xib; sourceTree = "<group>"; };
/* End PBXFileReference section */

/* Begin PBXFrameworksBuildPhase section */
		26E5EA232A81FB0800CCDF90 /* Frameworks */ = {
			isa = PBXFrameworksBuildPhase;
			buildActionMask = 2147483647;
			files = (
				26E5EA492A8213C900CCDF90 /* Kingfisher in Frameworks */,
				26E5EA412A81FFCC00CCDF90 /* SwiftyJSON in Frameworks */,
				26E5EA442A81FFD600CCDF90 /* Alamofire in Frameworks */,
			);
			runOnlyForDeploymentPostprocessing = 0;
		};
/* End PBXFrameworksBuildPhase section */

/* Begin PBXGroup section */
		26E5EA1D2A81FB0800CCDF90 = {
			isa = PBXGroup;
			children = (
				26E5EA282A81FB0800CCDF90 /* Netwoking_Project */,
				26E5EA272A81FB0800CCDF90 /* Products */,
			);
			sourceTree = "<group>";
		};
		26E5EA272A81FB0800CCDF90 /* Products */ = {
			isa = PBXGroup;
			children = (
				26E5EA262A81FB0800CCDF90 /* Netwoking_Project.app */,
			);
			name = Products;
			sourceTree = "<group>";
		};
		26E5EA282A81FB0800CCDF90 /* Netwoking_Project */ = {
			isa = PBXGroup;
			children = (
				26E5EA522A82376C00CCDF90 /* Beer */,
				26E5EA4F2A82288B00CCDF90 /* Ext */,
				26E5EA4E2A82216E00CCDF90 /* Pachinko */,
				26E5EA292A81FB0800CCDF90 /* AppDelegate.swift */,
				26E5EA2B2A81FB0800CCDF90 /* SceneDelegate.swift */,
				26E5EA2F2A81FB0800CCDF90 /* Main.storyboard */,
				26E5EA322A81FB0A00CCDF90 /* Assets.xcassets */,
				26E5EA342A81FB0A00CCDF90 /* LaunchScreen.storyboard */,
				26E5EA372A81FB0A00CCDF90 /* Info.plist */,
			);
			path = Netwoking_Project;
			sourceTree = "<group>";
		};
		26E5EA4E2A82216E00CCDF90 /* Pachinko */ = {
			isa = PBXGroup;
			children = (
				26E5EA3D2A81FF1B00CCDF90 /* PachinkoViewController.swift */,
				26E5EA4C2A82216900CCDF90 /* GameViewController.swift */,
			);
			path = Pachinko;
			sourceTree = "<group>";
		};
		26E5EA4F2A82288B00CCDF90 /* Ext */ = {
			isa = PBXGroup;
			children = (
				26E5EA4A2A821CA600CCDF90 /* Ext+UIView.swift */,
				26E5EA502A8228A500CCDF90 /* Ext+ADLabel.swift */,
			);
			path = Ext;
			sourceTree = "<group>";
		};
		26E5EA522A82376C00CCDF90 /* Beer */ = {
			isa = PBXGroup;
			children = (
				26E5EA452A8210AB00CCDF90 /* BeerDetailViewController.swift */,
				26E5EA5F2A823E9800CCDF90 /* Beer.swift */,
				26E5EA532A82396400CCDF90 /* BeerViewController.swift */,
				26E5EA562A823ACC00CCDF90 /* TableViewCell */,
				26E5EA552A823AC300CCDF90 /* CollectionViewCell */,
			);
			path = Beer;
			sourceTree = "<group>";
		};
		26E5EA552A823AC300CCDF90 /* CollectionViewCell */ = {
			isa = PBXGroup;
			children = (
				26E5EA572A823AE400CCDF90 /* CollectionViewCell.swift */,
				26E5EA582A823AE400CCDF90 /* CollectionViewCell.xib */,
				26E5EA612A82512500CCDF90 /* eeCollectionViewCell.swift */,
				26E5EA622A82512500CCDF90 /* eeCollectionViewCell.xib */,
			);
			path = CollectionViewCell;
			sourceTree = "<group>";
		};
		26E5EA562A823ACC00CCDF90 /* TableViewCell */ = {
			isa = PBXGroup;
			children = (
				26E5EA5B2A823D4800CCDF90 /* TableViewCell.swift */,
				26E5EA5C2A823D4800CCDF90 /* TableViewCell.xib */,
			);
			path = TableViewCell;
			sourceTree = "<group>";
		};
/* End PBXGroup section */

/* Begin PBXNativeTarget section */
		26E5EA252A81FB0800CCDF90 /* Netwoking_Project */ = {
			isa = PBXNativeTarget;
			buildConfigurationList = 26E5EA3A2A81FB0A00CCDF90 /* Build configuration list for PBXNativeTarget "Netwoking_Project" */;
			buildPhases = (
				26E5EA222A81FB0800CCDF90 /* Sources */,
				26E5EA232A81FB0800CCDF90 /* Frameworks */,
				26E5EA242A81FB0800CCDF90 /* Resources */,
			);
			buildRules = (
			);
			dependencies = (
			);
			name = Netwoking_Project;
			packageProductDependencies = (
				26E5EA402A81FFCC00CCDF90 /* SwiftyJSON */,
				26E5EA432A81FFD600CCDF90 /* Alamofire */,
				26E5EA482A8213C900CCDF90 /* Kingfisher */,
			);
			productName = Netwoking_Project;
			productReference = 26E5EA262A81FB0800CCDF90 /* Netwoking_Project.app */;
			productType = "com.apple.product-type.application";
		};
/* End PBXNativeTarget section */

/* Begin PBXProject section */
		26E5EA1E2A81FB0800CCDF90 /* Project object */ = {
			isa = PBXProject;
			attributes = {
				BuildIndependentTargetsInParallel = 1;
				LastSwiftUpdateCheck = 1430;
				LastUpgradeCheck = 1430;
				TargetAttributes = {
					26E5EA252A81FB0800CCDF90 = {
						CreatedOnToolsVersion = 14.3.1;
					};
				};
			};
			buildConfigurationList = 26E5EA212A81FB0800CCDF90 /* Build configuration list for PBXProject "Netwoking_Project" */;
			compatibilityVersion = "Xcode 14.0";
			developmentRegion = en;
			hasScannedForEncodings = 0;
			knownRegions = (
				en,
				Base,
			);
			mainGroup = 26E5EA1D2A81FB0800CCDF90;
			packageReferences = (
				26E5EA3F2A81FFCC00CCDF90 /* XCRemoteSwiftPackageReference "SwiftyJSON" */,
				26E5EA422A81FFD600CCDF90 /* XCRemoteSwiftPackageReference "Alamofire" */,
				26E5EA472A8213C900CCDF90 /* XCRemoteSwiftPackageReference "Kingfisher" */,
			);
			productRefGroup = 26E5EA272A81FB0800CCDF90 /* Products */;
			projectDirPath = "";
			projectRoot = "";
			targets = (
				26E5EA252A81FB0800CCDF90 /* Netwoking_Project */,
			);
		};
/* End PBXProject section */

/* Begin PBXResourcesBuildPhase section */
		26E5EA242A81FB0800CCDF90 /* Resources */ = {
			isa = PBXResourcesBuildPhase;
			buildActionMask = 2147483647;
			files = (
				26E5EA362A81FB0A00CCDF90 /* LaunchScreen.storyboard in Resources */,
				26E5EA5E2A823D4800CCDF90 /* TableViewCell.xib in Resources */,
				26E5EA332A81FB0A00CCDF90 /* Assets.xcassets in Resources */,
				26E5EA5A2A823AE400CCDF90 /* CollectionViewCell.xib in Resources */,
				26E5EA642A82512500CCDF90 /* eeCollectionViewCell.xib in Resources */,
				26E5EA312A81FB0800CCDF90 /* Main.storyboard in Resources */,
			);
			runOnlyForDeploymentPostprocessing = 0;
		};
/* End PBXResourcesBuildPhase section */

/* Begin PBXSourcesBuildPhase section */
		26E5EA222A81FB0800CCDF90 /* Sources */ = {
			isa = PBXSourcesBuildPhase;
			buildActionMask = 2147483647;
			files = (
				26E5EA542A82396400CCDF90 /* BeerViewController.swift in Sources */,
				26E5EA512A8228A500CCDF90 /* Ext+ADLabel.swift in Sources */,
				26E5EA632A82512500CCDF90 /* eeCollectionViewCell.swift in Sources */,
				26E5EA592A823AE400CCDF90 /* CollectionViewCell.swift in Sources */,
				26E5EA602A823E9800CCDF90 /* Beer.swift in Sources */,
				26E5EA4B2A821CA600CCDF90 /* Ext+UIView.swift in Sources */,
				26E5EA462A8210AB00CCDF90 /* BeerDetailViewController.swift in Sources */,
				26E5EA5D2A823D4800CCDF90 /* TableViewCell.swift in Sources */,
				26E5EA2A2A81FB0800CCDF90 /* AppDelegate.swift in Sources */,
				26E5EA2C2A81FB0800CCDF90 /* SceneDelegate.swift in Sources */,
				26E5EA4D2A82216900CCDF90 /* GameViewController.swift in Sources */,
				26E5EA3E2A81FF1B00CCDF90 /* PachinkoViewController.swift in Sources */,
			);
			runOnlyForDeploymentPostprocessing = 0;
		};
/* End PBXSourcesBuildPhase section */

/* Begin PBXVariantGroup section */
		26E5EA2F2A81FB0800CCDF90 /* Main.storyboard */ = {
			isa = PBXVariantGroup;
			children = (
				26E5EA302A81FB0800CCDF90 /* Base */,
			);
			name = Main.storyboard;
			sourceTree = "<group>";
		};
		26E5EA342A81FB0A00CCDF90 /* LaunchScreen.storyboard */ = {
			isa = PBXVariantGroup;
			children = (
				26E5EA352A81FB0A00CCDF90 /* Base */,
			);
			name = LaunchScreen.storyboard;
			sourceTree = "<group>";
		};
/* End PBXVariantGroup section */

/* Begin XCBuildConfiguration section */
		26E5EA382A81FB0A00CCDF90 /* Debug */ = {
			isa = XCBuildConfiguration;
			buildSettings = {
				ALWAYS_SEARCH_USER_PATHS = NO;
				CLANG_ANALYZER_NONNULL = YES;
				CLANG_ANALYZER_NUMBER_OBJECT_CONVERSION = YES_AGGRESSIVE;
				CLANG_CXX_LANGUAGE_STANDARD = "gnu++20";
				CLANG_ENABLE_MODULES = YES;
				CLANG_ENABLE_OBJC_ARC = YES;
				CLANG_ENABLE_OBJC_WEAK = YES;
				CLANG_WARN_BLOCK_CAPTURE_AUTORELEASING = YES;
				CLANG_WARN_BOOL_CONVERSION = YES;
				CLANG_WARN_COMMA = YES;
				CLANG_WARN_CONSTANT_CONVERSION = YES;
				CLANG_WARN_DEPRECATED_OBJC_IMPLEMENTATIONS = YES;
				CLANG_WARN_DIRECT_OBJC_ISA_USAGE = YES_ERROR;
				CLANG_WARN_DOCUMENTATION_COMMENTS = YES;
				CLANG_WARN_EMPTY_BODY = YES;
				CLANG_WARN_ENUM_CONVERSION = YES;
				CLANG_WARN_INFINITE_RECURSION = YES;
				CLANG_WARN_INT_CONVERSION = YES;
				CLANG_WARN_NON_LITERAL_NULL_CONVERSION = YES;
				CLANG_WARN_OBJC_IMPLICIT_RETAIN_SELF = YES;
				CLANG_WARN_OBJC_LITERAL_CONVERSION = YES;
				CLANG_WARN_OBJC_ROOT_CLASS = YES_ERROR;
				CLANG_WARN_QUOTED_INCLUDE_IN_FRAMEWORK_HEADER = YES;
				CLANG_WARN_RANGE_LOOP_ANALYSIS = YES;
				CLANG_WARN_STRICT_PROTOTYPES = YES;
				CLANG_WARN_SUSPICIOUS_MOVE = YES;
				CLANG_WARN_UNGUARDED_AVAILABILITY = YES_AGGRESSIVE;
				CLANG_WARN_UNREACHABLE_CODE = YES;
				CLANG_WARN__DUPLICATE_METHOD_MATCH = YES;
				COPY_PHASE_STRIP = NO;
				DEBUG_INFORMATION_FORMAT = dwarf;
				ENABLE_STRICT_OBJC_MSGSEND = YES;
				ENABLE_TESTABILITY = YES;
				GCC_C_LANGUAGE_STANDARD = gnu11;
				GCC_DYNAMIC_NO_PIC = NO;
				GCC_NO_COMMON_BLOCKS = YES;
				GCC_OPTIMIZATION_LEVEL = 0;
				GCC_PREPROCESSOR_DEFINITIONS = (
					"DEBUG=1",
					"$(inherited)",
				);
				GCC_WARN_64_TO_32_BIT_CONVERSION = YES;
				GCC_WARN_ABOUT_RETURN_TYPE = YES_ERROR;
				GCC_WARN_UNDECLARED_SELECTOR = YES;
				GCC_WARN_UNINITIALIZED_AUTOS = YES_AGGRESSIVE;
				GCC_WARN_UNUSED_FUNCTION = YES;
				GCC_WARN_UNUSED_VARIABLE = YES;
				IPHONEOS_DEPLOYMENT_TARGET = 16.4;
				MTL_ENABLE_DEBUG_INFO = INCLUDE_SOURCE;
				MTL_FAST_MATH = YES;
				ONLY_ACTIVE_ARCH = YES;
				SDKROOT = iphoneos;
				SWIFT_ACTIVE_COMPILATION_CONDITIONS = DEBUG;
				SWIFT_OPTIMIZATION_LEVEL = "-Onone";
			};
			name = Debug;
		};
		26E5EA392A81FB0A00CCDF90 /* Release */ = {
			isa = XCBuildConfiguration;
			buildSettings = {
				ALWAYS_SEARCH_USER_PATHS = NO;
				CLANG_ANALYZER_NONNULL = YES;
				CLANG_ANALYZER_NUMBER_OBJECT_CONVERSION = YES_AGGRESSIVE;
				CLANG_CXX_LANGUAGE_STANDARD = "gnu++20";
				CLANG_ENABLE_MODULES = YES;
				CLANG_ENABLE_OBJC_ARC = YES;
				CLANG_ENABLE_OBJC_WEAK = YES;
				CLANG_WARN_BLOCK_CAPTURE_AUTORELEASING = YES;
				CLANG_WARN_BOOL_CONVERSION = YES;
				CLANG_WARN_COMMA = YES;
				CLANG_WARN_CONSTANT_CONVERSION = YES;
				CLANG_WARN_DEPRECATED_OBJC_IMPLEMENTATIONS = YES;
				CLANG_WARN_DIRECT_OBJC_ISA_USAGE = YES_ERROR;
				CLANG_WARN_DOCUMENTATION_COMMENTS = YES;
				CLANG_WARN_EMPTY_BODY = YES;
				CLANG_WARN_ENUM_CONVERSION = YES;
				CLANG_WARN_INFINITE_RECURSION = YES;
				CLANG_WARN_INT_CONVERSION = YES;
				CLANG_WARN_NON_LITERAL_NULL_CONVERSION = YES;
				CLANG_WARN_OBJC_IMPLICIT_RETAIN_SELF = YES;
				CLANG_WARN_OBJC_LITERAL_CONVERSION = YES;
				CLANG_WARN_OBJC_ROOT_CLASS = YES_ERROR;
				CLANG_WARN_QUOTED_INCLUDE_IN_FRAMEWORK_HEADER = YES;
				CLANG_WARN_RANGE_LOOP_ANALYSIS = YES;
				CLANG_WARN_STRICT_PROTOTYPES = YES;
				CLANG_WARN_SUSPICIOUS_MOVE = YES;
				CLANG_WARN_UNGUARDED_AVAILABILITY = YES_AGGRESSIVE;
				CLANG_WARN_UNREACHABLE_CODE = YES;
				CLANG_WARN__DUPLICATE_METHOD_MATCH = YES;
				COPY_PHASE_STRIP = NO;
				DEBUG_INFORMATION_FORMAT = "dwarf-with-dsym";
				ENABLE_NS_ASSERTIONS = NO;
				ENABLE_STRICT_OBJC_MSGSEND = YES;
				GCC_C_LANGUAGE_STANDARD = gnu11;
				GCC_NO_COMMON_BLOCKS = YES;
				GCC_WARN_64_TO_32_BIT_CONVERSION = YES;
				GCC_WARN_ABOUT_RETURN_TYPE = YES_ERROR;
				GCC_WARN_UNDECLARED_SELECTOR = YES;
				GCC_WARN_UNINITIALIZED_AUTOS = YES_AGGRESSIVE;
				GCC_WARN_UNUSED_FUNCTION = YES;
				GCC_WARN_UNUSED_VARIABLE = YES;
				IPHONEOS_DEPLOYMENT_TARGET = 16.4;
				MTL_ENABLE_DEBUG_INFO = NO;
				MTL_FAST_MATH = YES;
				SDKROOT = iphoneos;
				SWIFT_COMPILATION_MODE = wholemodule;
				SWIFT_OPTIMIZATION_LEVEL = "-O";
				VALIDATE_PRODUCT = YES;
			};
			name = Release;
		};
		26E5EA3B2A81FB0A00CCDF90 /* Debug */ = {
			isa = XCBuildConfiguration;
			buildSettings = {
				ASSETCATALOG_COMPILER_APPICON_NAME = AppIcon;
				ASSETCATALOG_COMPILER_GLOBAL_ACCENT_COLOR_NAME = AccentColor;
				CODE_SIGN_STYLE = Automatic;
				CURRENT_PROJECT_VERSION = 1;
				GENERATE_INFOPLIST_FILE = YES;
				INFOPLIST_FILE = Netwoking_Project/Info.plist;
				INFOPLIST_KEY_UIApplicationSupportsIndirectInputEvents = YES;
				INFOPLIST_KEY_UILaunchStoryboardName = LaunchScreen;
				INFOPLIST_KEY_UIMainStoryboardFile = Main;
				INFOPLIST_KEY_UISupportedInterfaceOrientations_iPad = "UIInterfaceOrientationPortrait UIInterfaceOrientationPortraitUpsideDown UIInterfaceOrientationLandscapeLeft UIInterfaceOrientationLandscapeRight";
				INFOPLIST_KEY_UISupportedInterfaceOrientations_iPhone = "UIInterfaceOrientationPortrait UIInterfaceOrientationLandscapeLeft UIInterfaceOrientationLandscapeRight";
				LD_RUNPATH_SEARCH_PATHS = (
					"$(inherited)",
					"@executable_path/Frameworks",
				);
				MARKETING_VERSION = 1.0;
				PRODUCT_BUNDLE_IDENTIFIER = "com.present.Netwoking-Project";
				PRODUCT_NAME = "$(TARGET_NAME)";
				SWIFT_EMIT_LOC_STRINGS = YES;
				SWIFT_VERSION = 5.0;
				TARGETED_DEVICE_FAMILY = "1,2";
			};
			name = Debug;
		};
		26E5EA3C2A81FB0A00CCDF90 /* Release */ = {
			isa = XCBuildConfiguration;
			buildSettings = {
				ASSETCATALOG_COMPILER_APPICON_NAME = AppIcon;
				ASSETCATALOG_COMPILER_GLOBAL_ACCENT_COLOR_NAME = AccentColor;
				CODE_SIGN_STYLE = Automatic;
				CURRENT_PROJECT_VERSION = 1;
				GENERATE_INFOPLIST_FILE = YES;
				INFOPLIST_FILE = Netwoking_Project/Info.plist;
				INFOPLIST_KEY_UIApplicationSupportsIndirectInputEvents = YES;
				INFOPLIST_KEY_UILaunchStoryboardName = LaunchScreen;
				INFOPLIST_KEY_UIMainStoryboardFile = Main;
				INFOPLIST_KEY_UISupportedInterfaceOrientations_iPad = "UIInterfaceOrientationPortrait UIInterfaceOrientationPortraitUpsideDown UIInterfaceOrientationLandscapeLeft UIInterfaceOrientationLandscapeRight";
				INFOPLIST_KEY_UISupportedInterfaceOrientations_iPhone = "UIInterfaceOrientationPortrait UIInterfaceOrientationLandscapeLeft UIInterfaceOrientationLandscapeRight";
				LD_RUNPATH_SEARCH_PATHS = (
					"$(inherited)",
					"@executable_path/Frameworks",
				);
				MARKETING_VERSION = 1.0;
				PRODUCT_BUNDLE_IDENTIFIER = "com.present.Netwoking-Project";
				PRODUCT_NAME = "$(TARGET_NAME)";
				SWIFT_EMIT_LOC_STRINGS = YES;
				SWIFT_VERSION = 5.0;
				TARGETED_DEVICE_FAMILY = "1,2";
			};
			name = Release;
		};
/* End XCBuildConfiguration section */

/* Begin XCConfigurationList section */
		26E5EA212A81FB0800CCDF90 /* Build configuration list for PBXProject "Netwoking_Project" */ = {
			isa = XCConfigurationList;
			buildConfigurations = (
				26E5EA382A81FB0A00CCDF90 /* Debug */,
				26E5EA392A81FB0A00CCDF90 /* Release */,
			);
			defaultConfigurationIsVisible = 0;
			defaultConfigurationName = Release;
		};
		26E5EA3A2A81FB0A00CCDF90 /* Build configuration list for PBXNativeTarget "Netwoking_Project" */ = {
			isa = XCConfigurationList;
			buildConfigurations = (
				26E5EA3B2A81FB0A00CCDF90 /* Debug */,
				26E5EA3C2A81FB0A00CCDF90 /* Release */,
			);
			defaultConfigurationIsVisible = 0;
			defaultConfigurationName = Release;
		};
/* End XCConfigurationList section */

/* Begin XCRemoteSwiftPackageReference section */
		26E5EA3F2A81FFCC00CCDF90 /* XCRemoteSwiftPackageReference "SwiftyJSON" */ = {
			isa = XCRemoteSwiftPackageReference;
			repositoryURL = "https://github.com/SwiftyJSON/SwiftyJSON";
			requirement = {
				kind = upToNextMajorVersion;
				minimumVersion = 5.0.0;
			};
		};
		26E5EA422A81FFD600CCDF90 /* XCRemoteSwiftPackageReference "Alamofire" */ = {
			isa = XCRemoteSwiftPackageReference;
			repositoryURL = "https://github.com/Alamofire/Alamofire";
			requirement = {
				kind = upToNextMajorVersion;
				minimumVersion = 5.0.0;
			};
		};
		26E5EA472A8213C900CCDF90 /* XCRemoteSwiftPackageReference "Kingfisher" */ = {
			isa = XCRemoteSwiftPackageReference;
			repositoryURL = "https://github.com/onevcat/Kingfisher.git";
			requirement = {
				kind = upToNextMajorVersion;
				minimumVersion = 7.0.0;
			};
		};
/* End XCRemoteSwiftPackageReference section */

/* Begin XCSwiftPackageProductDependency section */
		26E5EA402A81FFCC00CCDF90 /* SwiftyJSON */ = {
			isa = XCSwiftPackageProductDependency;
			package = 26E5EA3F2A81FFCC00CCDF90 /* XCRemoteSwiftPackageReference "SwiftyJSON" */;
			productName = SwiftyJSON;
		};
		26E5EA432A81FFD600CCDF90 /* Alamofire */ = {
			isa = XCSwiftPackageProductDependency;
			package = 26E5EA422A81FFD600CCDF90 /* XCRemoteSwiftPackageReference "Alamofire" */;
			productName = Alamofire;
		};
		26E5EA482A8213C900CCDF90 /* Kingfisher */ = {
			isa = XCSwiftPackageProductDependency;
			package = 26E5EA472A8213C900CCDF90 /* XCRemoteSwiftPackageReference "Kingfisher" */;
			productName = Kingfisher;
		};
/* End XCSwiftPackageProductDependency section */
	};
	rootObject = 26E5EA1E2A81FB0800CCDF90 /* Project object */;
}
